// !$*UTF8*$!
{
	archiveVersion = 1;
	classes = {
	};
	objectVersion = 46;
	objects = {

/* Begin PBXBuildFile section */
		224E82C346B12FBA67EF810D /* Pods_MyFirstApp.framework in Frameworks */ = {isa = PBXBuildFile; fileRef = 687A1269B351757022776569 /* Pods_MyFirstApp.framework */; };
		2CA450B78CDEA2FDB4E61B85 /* Pods_MyFirstAppUITests.framework in Frameworks */ = {isa = PBXBuildFile; fileRef = 0D3E6BD4D4029ED6E19F2A1D /* Pods_MyFirstAppUITests.framework */; };
		661AD2131EF7819300DE3BBC /* AppDelegate.swift in Sources */ = {isa = PBXBuildFile; fileRef = 661AD2121EF7819300DE3BBC /* AppDelegate.swift */; };
		661AD2151EF7819300DE3BBC /* ViewController.swift in Sources */ = {isa = PBXBuildFile; fileRef = 661AD2141EF7819300DE3BBC /* ViewController.swift */; };
		661AD2181EF7819300DE3BBC /* Main.storyboard in Resources */ = {isa = PBXBuildFile; fileRef = 661AD2161EF7819300DE3BBC /* Main.storyboard */; };
		661AD21A1EF7819300DE3BBC /* Assets.xcassets in Resources */ = {isa = PBXBuildFile; fileRef = 661AD2191EF7819300DE3BBC /* Assets.xcassets */; };
		661AD21D1EF7819300DE3BBC /* LaunchScreen.storyboard in Resources */ = {isa = PBXBuildFile; fileRef = 661AD21B1EF7819300DE3BBC /* LaunchScreen.storyboard */; };
		661AD2281EF7819300DE3BBC /* MyFirstAppTests.swift in Sources */ = {isa = PBXBuildFile; fileRef = 661AD2271EF7819300DE3BBC /* MyFirstAppTests.swift */; };
		661AD2331EF7819300DE3BBC /* MyFirstAppUITests.swift in Sources */ = {isa = PBXBuildFile; fileRef = 661AD2321EF7819300DE3BBC /* MyFirstAppUITests.swift */; };
		661AD2471EF7A99200DE3BBC /* button_add-512.png in Resources */ = {isa = PBXBuildFile; fileRef = 661AD2461EF7A99200DE3BBC /* button_add-512.png */; };
		661AD2491EF7C33600DE3BBC /* FirstViewController.swift in Sources */ = {isa = PBXBuildFile; fileRef = 661AD2481EF7C33600DE3BBC /* FirstViewController.swift */; };
		667800531EF8B4690059AF47 /* nature.jpg in Resources */ = {isa = PBXBuildFile; fileRef = 667800521EF8B4690059AF47 /* nature.jpg */; };
		667800591EF8DC910059AF47 /* RoundButton.swift in Sources */ = {isa = PBXBuildFile; fileRef = 667800581EF8DC910059AF47 /* RoundButton.swift */; };
		667FECE71EFB6F00006515AB /* Constants.swift in Sources */ = {isa = PBXBuildFile; fileRef = 667FECE61EFB6F00006515AB /* Constants.swift */; };
		6687D36D1F131C2E00EF95DE /* Model.xcdatamodeld in Sources */ = {isa = PBXBuildFile; fileRef = 6687D36B1F131C2E00EF95DE /* Model.xcdatamodeld */; };
		6687D3AE1F1367EF00EF95DE /* SecondViewController.swift in Sources */ = {isa = PBXBuildFile; fileRef = 6687D3AD1F1367EF00EF95DE /* SecondViewController.swift */; };
		6687D3B01F13694F00EF95DE /* button1600.png in Resources */ = {isa = PBXBuildFile; fileRef = 6687D3AF1F13694F00EF95DE /* button1600.png */; };
		6687D3B21F136EF600EF95DE /* TableViewCell.swift in Sources */ = {isa = PBXBuildFile; fileRef = 6687D3B11F136EF600EF95DE /* TableViewCell.swift */; };
		D1E6E798B69793EAAA13CE8C /* Pods_MyFirstAppTests.framework in Frameworks */ = {isa = PBXBuildFile; fileRef = 2DFC4A30D5666534B4C419CF /* Pods_MyFirstAppTests.framework */; };
/* End PBXBuildFile section */

/* Begin PBXContainerItemProxy section */
		661AD2241EF7819300DE3BBC /* PBXContainerItemProxy */ = {
			isa = PBXContainerItemProxy;
			containerPortal = 661AD2071EF7819300DE3BBC /* Project object */;
			proxyType = 1;
			remoteGlobalIDString = 661AD20E1EF7819300DE3BBC;
			remoteInfo = MyFirstApp;
		};
		661AD22F1EF7819300DE3BBC /* PBXContainerItemProxy */ = {
			isa = PBXContainerItemProxy;
			containerPortal = 661AD2071EF7819300DE3BBC /* Project object */;
			proxyType = 1;
			remoteGlobalIDString = 661AD20E1EF7819300DE3BBC;
			remoteInfo = MyFirstApp;
		};
/* End PBXContainerItemProxy section */

/* Begin PBXFileReference section */
		0D3E6BD4D4029ED6E19F2A1D /* Pods_MyFirstAppUITests.framework */ = {isa = PBXFileReference; explicitFileType = wrapper.framework; includeInIndex = 0; path = Pods_MyFirstAppUITests.framework; sourceTree = BUILT_PRODUCTS_DIR; };
		2DFC4A30D5666534B4C419CF /* Pods_MyFirstAppTests.framework */ = {isa = PBXFileReference; explicitFileType = wrapper.framework; includeInIndex = 0; path = Pods_MyFirstAppTests.framework; sourceTree = BUILT_PRODUCTS_DIR; };
		3C4E5401812EF894F760D07D /* Pods-MyFirstAppTests.release.xcconfig */ = {isa = PBXFileReference; includeInIndex = 1; lastKnownFileType = text.xcconfig; name = "Pods-MyFirstAppTests.release.xcconfig"; path = "Pods/Target Support Files/Pods-MyFirstAppTests/Pods-MyFirstAppTests.release.xcconfig"; sourceTree = "<group>"; };
		5F4EA4896E7E850BFD5623D8 /* Pods-MyFirstApp.debug.xcconfig */ = {isa = PBXFileReference; includeInIndex = 1; lastKnownFileType = text.xcconfig; name = "Pods-MyFirstApp.debug.xcconfig"; path = "Pods/Target Support Files/Pods-MyFirstApp/Pods-MyFirstApp.debug.xcconfig"; sourceTree = "<group>"; };
		661AD20F1EF7819300DE3BBC /* MyFirstApp.app */ = {isa = PBXFileReference; explicitFileType = wrapper.application; includeInIndex = 0; path = MyFirstApp.app; sourceTree = BUILT_PRODUCTS_DIR; };
		661AD2121EF7819300DE3BBC /* AppDelegate.swift */ = {isa = PBXFileReference; lastKnownFileType = sourcecode.swift; path = AppDelegate.swift; sourceTree = "<group>"; };
		661AD2141EF7819300DE3BBC /* ViewController.swift */ = {isa = PBXFileReference; lastKnownFileType = sourcecode.swift; path = ViewController.swift; sourceTree = "<group>"; };
		661AD2171EF7819300DE3BBC /* Base */ = {isa = PBXFileReference; lastKnownFileType = file.storyboard; name = Base; path = Base.lproj/Main.storyboard; sourceTree = "<group>"; };
		661AD2191EF7819300DE3BBC /* Assets.xcassets */ = {isa = PBXFileReference; lastKnownFileType = folder.assetcatalog; path = Assets.xcassets; sourceTree = "<group>"; };
		661AD21C1EF7819300DE3BBC /* Base */ = {isa = PBXFileReference; lastKnownFileType = file.storyboard; name = Base; path = Base.lproj/LaunchScreen.storyboard; sourceTree = "<group>"; };
		661AD21E1EF7819300DE3BBC /* Info.plist */ = {isa = PBXFileReference; lastKnownFileType = text.plist.xml; path = Info.plist; sourceTree = "<group>"; };
		661AD2231EF7819300DE3BBC /* MyFirstAppTests.xctest */ = {isa = PBXFileReference; explicitFileType = wrapper.cfbundle; includeInIndex = 0; path = MyFirstAppTests.xctest; sourceTree = BUILT_PRODUCTS_DIR; };
		661AD2271EF7819300DE3BBC /* MyFirstAppTests.swift */ = {isa = PBXFileReference; lastKnownFileType = sourcecode.swift; path = MyFirstAppTests.swift; sourceTree = "<group>"; };
		661AD2291EF7819300DE3BBC /* Info.plist */ = {isa = PBXFileReference; lastKnownFileType = text.plist.xml; path = Info.plist; sourceTree = "<group>"; };
		661AD22E1EF7819300DE3BBC /* MyFirstAppUITests.xctest */ = {isa = PBXFileReference; explicitFileType = wrapper.cfbundle; includeInIndex = 0; path = MyFirstAppUITests.xctest; sourceTree = BUILT_PRODUCTS_DIR; };
		661AD2321EF7819300DE3BBC /* MyFirstAppUITests.swift */ = {isa = PBXFileReference; lastKnownFileType = sourcecode.swift; path = MyFirstAppUITests.swift; sourceTree = "<group>"; };
		661AD2341EF7819300DE3BBC /* Info.plist */ = {isa = PBXFileReference; lastKnownFileType = text.plist.xml; path = Info.plist; sourceTree = "<group>"; };
		661AD2461EF7A99200DE3BBC /* button_add-512.png */ = {isa = PBXFileReference; lastKnownFileType = image.png; path = "button_add-512.png"; sourceTree = "<group>"; };
		661AD2481EF7C33600DE3BBC /* FirstViewController.swift */ = {isa = PBXFileReference; fileEncoding = 4; lastKnownFileType = sourcecode.swift; path = FirstViewController.swift; sourceTree = "<group>"; };
		667800521EF8B4690059AF47 /* nature.jpg */ = {isa = PBXFileReference; lastKnownFileType = image.jpeg; path = nature.jpg; sourceTree = "<group>"; };
		667800581EF8DC910059AF47 /* RoundButton.swift */ = {isa = PBXFileReference; fileEncoding = 4; lastKnownFileType = sourcecode.swift; path = RoundButton.swift; sourceTree = "<group>"; };
		667FECE61EFB6F00006515AB /* Constants.swift */ = {isa = PBXFileReference; fileEncoding = 4; lastKnownFileType = sourcecode.swift; path = Constants.swift; sourceTree = "<group>"; };
		6687D36C1F131C2E00EF95DE /* Model.xcdatamodel */ = {isa = PBXFileReference; lastKnownFileType = wrapper.xcdatamodel; path = Model.xcdatamodel; sourceTree = "<group>"; };
		6687D3AD1F1367EF00EF95DE /* SecondViewController.swift */ = {isa = PBXFileReference; fileEncoding = 4; lastKnownFileType = sourcecode.swift; path = SecondViewController.swift; sourceTree = "<group>"; };
		6687D3AF1F13694F00EF95DE /* button1600.png */ = {isa = PBXFileReference; lastKnownFileType = image.png; path = button1600.png; sourceTree = "<group>"; };
		6687D3B11F136EF600EF95DE /* TableViewCell.swift */ = {isa = PBXFileReference; fileEncoding = 4; lastKnownFileType = sourcecode.swift; path = TableViewCell.swift; sourceTree = "<group>"; };
		687A1269B351757022776569 /* Pods_MyFirstApp.framework */ = {isa = PBXFileReference; explicitFileType = wrapper.framework; includeInIndex = 0; path = Pods_MyFirstApp.framework; sourceTree = BUILT_PRODUCTS_DIR; };
		752BCA46F14349F479548283 /* Pods-MyFirstApp.release.xcconfig */ = {isa = PBXFileReference; includeInIndex = 1; lastKnownFileType = text.xcconfig; name = "Pods-MyFirstApp.release.xcconfig"; path = "Pods/Target Support Files/Pods-MyFirstApp/Pods-MyFirstApp.release.xcconfig"; sourceTree = "<group>"; };
		9419AFEB0E6BA00088AB7566 /* Pods-MyFirstAppUITests.release.xcconfig */ = {isa = PBXFileReference; includeInIndex = 1; lastKnownFileType = text.xcconfig; name = "Pods-MyFirstAppUITests.release.xcconfig"; path = "Pods/Target Support Files/Pods-MyFirstAppUITests/Pods-MyFirstAppUITests.release.xcconfig"; sourceTree = "<group>"; };
		CE15D62FCB9F0362EA7B49E7 /* Pods-MyFirstAppUITests.debug.xcconfig */ = {isa = PBXFileReference; includeInIndex = 1; lastKnownFileType = text.xcconfig; name = "Pods-MyFirstAppUITests.debug.xcconfig"; path = "Pods/Target Support Files/Pods-MyFirstAppUITests/Pods-MyFirstAppUITests.debug.xcconfig"; sourceTree = "<group>"; };
		DE18587166118CB68A9B058D /* Pods-MyFirstAppTests.debug.xcconfig */ = {isa = PBXFileReference; includeInIndex = 1; lastKnownFileType = text.xcconfig; name = "Pods-MyFirstAppTests.debug.xcconfig"; path = "Pods/Target Support Files/Pods-MyFirstAppTests/Pods-MyFirstAppTests.debug.xcconfig"; sourceTree = "<group>"; };
/* End PBXFileReference section */

/* Begin PBXFrameworksBuildPhase section */
		661AD20C1EF7819300DE3BBC /* Frameworks */ = {
			isa = PBXFrameworksBuildPhase;
			buildActionMask = 2147483647;
			files = (
				224E82C346B12FBA67EF810D /* Pods_MyFirstApp.framework in Frameworks */,
			);
			runOnlyForDeploymentPostprocessing = 0;
		};
		661AD2201EF7819300DE3BBC /* Frameworks */ = {
			isa = PBXFrameworksBuildPhase;
			buildActionMask = 2147483647;
			files = (
				D1E6E798B69793EAAA13CE8C /* Pods_MyFirstAppTests.framework in Frameworks */,
			);
			runOnlyForDeploymentPostprocessing = 0;
		};
		661AD22B1EF7819300DE3BBC /* Frameworks */ = {
			isa = PBXFrameworksBuildPhase;
			buildActionMask = 2147483647;
			files = (
				2CA450B78CDEA2FDB4E61B85 /* Pods_MyFirstAppUITests.framework in Frameworks */,
			);
			runOnlyForDeploymentPostprocessing = 0;
		};
/* End PBXFrameworksBuildPhase section */

/* Begin PBXGroup section */
		661AD2061EF7819300DE3BBC = {
			isa = PBXGroup;
			children = (
				661AD2111EF7819300DE3BBC /* MyFirstApp */,
				661AD2261EF7819300DE3BBC /* MyFirstAppTests */,
				661AD2311EF7819300DE3BBC /* MyFirstAppUITests */,
				661AD2101EF7819300DE3BBC /* Products */,
				690E347DE6A622C900266A77 /* Pods */,
				E82258372F0C7E325C74C934 /* Frameworks */,
			);
			sourceTree = "<group>";
		};
		661AD2101EF7819300DE3BBC /* Products */ = {
			isa = PBXGroup;
			children = (
				661AD20F1EF7819300DE3BBC /* MyFirstApp.app */,
				661AD2231EF7819300DE3BBC /* MyFirstAppTests.xctest */,
				661AD22E1EF7819300DE3BBC /* MyFirstAppUITests.xctest */,
			);
			name = Products;
			sourceTree = "<group>";
		};
		661AD2111EF7819300DE3BBC /* MyFirstApp */ = {
			isa = PBXGroup;
			children = (
				661AD2121EF7819300DE3BBC /* AppDelegate.swift */,
				661AD2141EF7819300DE3BBC /* ViewController.swift */,
				661AD2161EF7819300DE3BBC /* Main.storyboard */,
				6687D3B11F136EF600EF95DE /* TableViewCell.swift */,
				6687D3AD1F1367EF00EF95DE /* SecondViewController.swift */,
				667FECE61EFB6F00006515AB /* Constants.swift */,
				667800581EF8DC910059AF47 /* RoundButton.swift */,
				661AD2481EF7C33600DE3BBC /* FirstViewController.swift */,
				661AD2191EF7819300DE3BBC /* Assets.xcassets */,
				661AD21B1EF7819300DE3BBC /* LaunchScreen.storyboard */,
				661AD21E1EF7819300DE3BBC /* Info.plist */,
				661AD2461EF7A99200DE3BBC /* button_add-512.png */,
				667800521EF8B4690059AF47 /* nature.jpg */,
				6687D36B1F131C2E00EF95DE /* Model.xcdatamodeld */,
				6687D3AF1F13694F00EF95DE /* button1600.png */,
			);
			path = MyFirstApp;
			sourceTree = "<group>";
		};
		661AD2261EF7819300DE3BBC /* MyFirstAppTests */ = {
			isa = PBXGroup;
			children = (
				661AD2271EF7819300DE3BBC /* MyFirstAppTests.swift */,
				661AD2291EF7819300DE3BBC /* Info.plist */,
			);
			path = MyFirstAppTests;
			sourceTree = "<group>";
		};
		661AD2311EF7819300DE3BBC /* MyFirstAppUITests */ = {
			isa = PBXGroup;
			children = (
				661AD2321EF7819300DE3BBC /* MyFirstAppUITests.swift */,
				661AD2341EF7819300DE3BBC /* Info.plist */,
			);
			path = MyFirstAppUITests;
			sourceTree = "<group>";
		};
		690E347DE6A622C900266A77 /* Pods */ = {
			isa = PBXGroup;
			children = (
				5F4EA4896E7E850BFD5623D8 /* Pods-MyFirstApp.debug.xcconfig */,
				752BCA46F14349F479548283 /* Pods-MyFirstApp.release.xcconfig */,
				DE18587166118CB68A9B058D /* Pods-MyFirstAppTests.debug.xcconfig */,
				3C4E5401812EF894F760D07D /* Pods-MyFirstAppTests.release.xcconfig */,
				CE15D62FCB9F0362EA7B49E7 /* Pods-MyFirstAppUITests.debug.xcconfig */,
				9419AFEB0E6BA00088AB7566 /* Pods-MyFirstAppUITests.release.xcconfig */,
			);
			name = Pods;
			sourceTree = "<group>";
		};
		E82258372F0C7E325C74C934 /* Frameworks */ = {
			isa = PBXGroup;
			children = (
				687A1269B351757022776569 /* Pods_MyFirstApp.framework */,
				2DFC4A30D5666534B4C419CF /* Pods_MyFirstAppTests.framework */,
				0D3E6BD4D4029ED6E19F2A1D /* Pods_MyFirstAppUITests.framework */,
			);
			name = Frameworks;
			sourceTree = "<group>";
		};
/* End PBXGroup section */

/* Begin PBXNativeTarget section */
		661AD20E1EF7819300DE3BBC /* MyFirstApp */ = {
			isa = PBXNativeTarget;
			buildConfigurationList = 661AD2371EF7819300DE3BBC /* Build configuration list for PBXNativeTarget "MyFirstApp" */;
			buildPhases = (
				B402B48728F06A6C45CAEDE6 /* [CP] Check Pods Manifest.lock */,
				661AD20B1EF7819300DE3BBC /* Sources */,
				661AD20C1EF7819300DE3BBC /* Frameworks */,
				661AD20D1EF7819300DE3BBC /* Resources */,
				5987F714D824ED730131205E /* [CP] Embed Pods Frameworks */,
				7BA4BD23D58D6D339C140002 /* [CP] Copy Pods Resources */,
			);
			buildRules = (
			);
			dependencies = (
			);
			name = MyFirstApp;
			productName = MyFirstApp;
			productReference = 661AD20F1EF7819300DE3BBC /* MyFirstApp.app */;
			productType = "com.apple.product-type.application";
		};
		661AD2221EF7819300DE3BBC /* MyFirstAppTests */ = {
			isa = PBXNativeTarget;
			buildConfigurationList = 661AD23A1EF7819300DE3BBC /* Build configuration list for PBXNativeTarget "MyFirstAppTests" */;
			buildPhases = (
				75B04D85C5DA36CECA4F9CB3 /* [CP] Check Pods Manifest.lock */,
				661AD21F1EF7819300DE3BBC /* Sources */,
				661AD2201EF7819300DE3BBC /* Frameworks */,
				661AD2211EF7819300DE3BBC /* Resources */,
				6A38E1AEECAA7EF9A09EA67A /* [CP] Embed Pods Frameworks */,
				25F8AB9F4E1DBE8D39031B1C /* [CP] Copy Pods Resources */,
			);
			buildRules = (
			);
			dependencies = (
				661AD2251EF7819300DE3BBC /* PBXTargetDependency */,
			);
			name = MyFirstAppTests;
			productName = MyFirstAppTests;
			productReference = 661AD2231EF7819300DE3BBC /* MyFirstAppTests.xctest */;
			productType = "com.apple.product-type.bundle.unit-test";
		};
		661AD22D1EF7819300DE3BBC /* MyFirstAppUITests */ = {
			isa = PBXNativeTarget;
			buildConfigurationList = 661AD23D1EF7819300DE3BBC /* Build configuration list for PBXNativeTarget "MyFirstAppUITests" */;
			buildPhases = (
				25FD02CD48E368FC8319D6D6 /* [CP] Check Pods Manifest.lock */,
				661AD22A1EF7819300DE3BBC /* Sources */,
				661AD22B1EF7819300DE3BBC /* Frameworks */,
				661AD22C1EF7819300DE3BBC /* Resources */,
				94E9D836E3FBB58FDE63DED5 /* [CP] Embed Pods Frameworks */,
				6323FAC147F6FD875507BADA /* [CP] Copy Pods Resources */,
			);
			buildRules = (
			);
			dependencies = (
				661AD2301EF7819300DE3BBC /* PBXTargetDependency */,
			);
			name = MyFirstAppUITests;
			productName = MyFirstAppUITests;
			productReference = 661AD22E1EF7819300DE3BBC /* MyFirstAppUITests.xctest */;
			productType = "com.apple.product-type.bundle.ui-testing";
		};
/* End PBXNativeTarget section */

/* Begin PBXProject section */
		661AD2071EF7819300DE3BBC /* Project object */ = {
			isa = PBXProject;
			attributes = {
				LastSwiftUpdateCheck = 0830;
				LastUpgradeCheck = 0830;
				ORGANIZATIONNAME = "Nico Boentoro";
				TargetAttributes = {
					661AD20E1EF7819300DE3BBC = {
						CreatedOnToolsVersion = 8.3.3;
						ProvisioningStyle = Automatic;
					};
					661AD2221EF7819300DE3BBC = {
						CreatedOnToolsVersion = 8.3.3;
						ProvisioningStyle = Automatic;
						TestTargetID = 661AD20E1EF7819300DE3BBC;
					};
					661AD22D1EF7819300DE3BBC = {
						CreatedOnToolsVersion = 8.3.3;
						ProvisioningStyle = Automatic;
						TestTargetID = 661AD20E1EF7819300DE3BBC;
					};
				};
			};
			buildConfigurationList = 661AD20A1EF7819300DE3BBC /* Build configuration list for PBXProject "MyFirstApp" */;
			compatibilityVersion = "Xcode 3.2";
			developmentRegion = English;
			hasScannedForEncodings = 0;
			knownRegions = (
				en,
				Base,
			);
			mainGroup = 661AD2061EF7819300DE3BBC;
			productRefGroup = 661AD2101EF7819300DE3BBC /* Products */;
			projectDirPath = "";
			projectRoot = "";
			targets = (
				661AD20E1EF7819300DE3BBC /* MyFirstApp */,
				661AD2221EF7819300DE3BBC /* MyFirstAppTests */,
				661AD22D1EF7819300DE3BBC /* MyFirstAppUITests */,
			);
		};
/* End PBXProject section */

/* Begin PBXResourcesBuildPhase section */
		661AD20D1EF7819300DE3BBC /* Resources */ = {
			isa = PBXResourcesBuildPhase;
			buildActionMask = 2147483647;
			files = (
				667800531EF8B4690059AF47 /* nature.jpg in Resources */,
				661AD21D1EF7819300DE3BBC /* LaunchScreen.storyboard in Resources */,
				6687D3B01F13694F00EF95DE /* button1600.png in Resources */,
				661AD21A1EF7819300DE3BBC /* Assets.xcassets in Resources */,
				661AD2471EF7A99200DE3BBC /* button_add-512.png in Resources */,
				661AD2181EF7819300DE3BBC /* Main.storyboard in Resources */,
			);
			runOnlyForDeploymentPostprocessing = 0;
		};
		661AD2211EF7819300DE3BBC /* Resources */ = {
			isa = PBXResourcesBuildPhase;
			buildActionMask = 2147483647;
			files = (
			);
			runOnlyForDeploymentPostprocessing = 0;
		};
		661AD22C1EF7819300DE3BBC /* Resources */ = {
			isa = PBXResourcesBuildPhase;
			buildActionMask = 2147483647;
			files = (
			);
			runOnlyForDeploymentPostprocessing = 0;
		};
/* End PBXResourcesBuildPhase section */

/* Begin PBXShellScriptBuildPhase section */
		25F8AB9F4E1DBE8D39031B1C /* [CP] Copy Pods Resources */ = {
			isa = PBXShellScriptBuildPhase;
			buildActionMask = 2147483647;
			files = (
			);
			inputPaths = (
			);
			name = "[CP] Copy Pods Resources";
			outputPaths = (
			);
			runOnlyForDeploymentPostprocessing = 0;
			shellPath = /bin/sh;
			shellScript = "\"${SRCROOT}/Pods/Target Support Files/Pods-MyFirstAppTests/Pods-MyFirstAppTests-resources.sh\"\n";
			showEnvVarsInLog = 0;
		};
		25FD02CD48E368FC8319D6D6 /* [CP] Check Pods Manifest.lock */ = {
			isa = PBXShellScriptBuildPhase;
			buildActionMask = 2147483647;
			files = (
			);
			inputPaths = (
			);
			name = "[CP] Check Pods Manifest.lock";
			outputPaths = (
			);
			runOnlyForDeploymentPostprocessing = 0;
			shellPath = /bin/sh;
			shellScript = "diff \"${PODS_PODFILE_DIR_PATH}/Podfile.lock\" \"${PODS_ROOT}/Manifest.lock\" > /dev/null\nif [ $? != 0 ] ; then\n    # print error to STDERR\n    echo \"error: The sandbox is not in sync with the Podfile.lock. Run 'pod install' or update your CocoaPods installation.\" >&2\n    exit 1\nfi\n";
			showEnvVarsInLog = 0;
		};
		5987F714D824ED730131205E /* [CP] Embed Pods Frameworks */ = {
			isa = PBXShellScriptBuildPhase;
			buildActionMask = 2147483647;
			files = (
			);
			inputPaths = (
			);
			name = "[CP] Embed Pods Frameworks";
			outputPaths = (
			);
			runOnlyForDeploymentPostprocessing = 0;
			shellPath = /bin/sh;
			shellScript = "\"${SRCROOT}/Pods/Target Support Files/Pods-MyFirstApp/Pods-MyFirstApp-frameworks.sh\"\n";
			showEnvVarsInLog = 0;
		};
		6323FAC147F6FD875507BADA /* [CP] Copy Pods Resources */ = {
			isa = PBXShellScriptBuildPhase;
			buildActionMask = 2147483647;
			files = (
			);
			inputPaths = (
			);
			name = "[CP] Copy Pods Resources";
			outputPaths = (
			);
			runOnlyForDeploymentPostprocessing = 0;
			shellPath = /bin/sh;
			shellScript = "\"${SRCROOT}/Pods/Target Support Files/Pods-MyFirstAppUITests/Pods-MyFirstAppUITests-resources.sh\"\n";
			showEnvVarsInLog = 0;
		};
		6A38E1AEECAA7EF9A09EA67A /* [CP] Embed Pods Frameworks */ = {
			isa = PBXShellScriptBuildPhase;
			buildActionMask = 2147483647;
			files = (
			);
			inputPaths = (
			);
			name = "[CP] Embed Pods Frameworks";
			outputPaths = (
			);
			runOnlyForDeploymentPostprocessing = 0;
			shellPath = /bin/sh;
			shellScript = "\"${SRCROOT}/Pods/Target Support Files/Pods-MyFirstAppTests/Pods-MyFirstAppTests-frameworks.sh\"\n";
			showEnvVarsInLog = 0;
		};
		75B04D85C5DA36CECA4F9CB3 /* [CP] Check Pods Manifest.lock */ = {
			isa = PBXShellScriptBuildPhase;
			buildActionMask = 2147483647;
			files = (
			);
			inputPaths = (
			);
			name = "[CP] Check Pods Manifest.lock";
			outputPaths = (
			);
			runOnlyForDeploymentPostprocessing = 0;
			shellPath = /bin/sh;
			shellScript = "diff \"${PODS_PODFILE_DIR_PATH}/Podfile.lock\" \"${PODS_ROOT}/Manifest.lock\" > /dev/null\nif [ $? != 0 ] ; then\n    # print error to STDERR\n    echo \"error: The sandbox is not in sync with the Podfile.lock. Run 'pod install' or update your CocoaPods installation.\" >&2\n    exit 1\nfi\n";
			showEnvVarsInLog = 0;
		};
		7BA4BD23D58D6D339C140002 /* [CP] Copy Pods Resources */ = {
			isa = PBXShellScriptBuildPhase;
			buildActionMask = 2147483647;
			files = (
			);
			inputPaths = (
			);
			name = "[CP] Copy Pods Resources";
			outputPaths = (
			);
			runOnlyForDeploymentPostprocessing = 0;
			shellPath = /bin/sh;
			shellScript = "\"${SRCROOT}/Pods/Target Support Files/Pods-MyFirstApp/Pods-MyFirstApp-resources.sh\"\n";
			showEnvVarsInLog = 0;
		};
		94E9D836E3FBB58FDE63DED5 /* [CP] Embed Pods Frameworks */ = {
			isa = PBXShellScriptBuildPhase;
			buildActionMask = 2147483647;
			files = (
			);
			inputPaths = (
			);
			name = "[CP] Embed Pods Frameworks";
			outputPaths = (
			);
			runOnlyForDeploymentPostprocessing = 0;
			shellPath = /bin/sh;
			shellScript = "\"${SRCROOT}/Pods/Target Support Files/Pods-MyFirstAppUITests/Pods-MyFirstAppUITests-frameworks.sh\"\n";
			showEnvVarsInLog = 0;
		};
		B402B48728F06A6C45CAEDE6 /* [CP] Check Pods Manifest.lock */ = {
			isa = PBXShellScriptBuildPhase;
			buildActionMask = 2147483647;
			files = (
			);
			inputPaths = (
			);
			name = "[CP] Check Pods Manifest.lock";
			outputPaths = (
			);
			runOnlyForDeploymentPostprocessing = 0;
			shellPath = /bin/sh;
			shellScript = "diff \"${PODS_PODFILE_DIR_PATH}/Podfile.lock\" \"${PODS_ROOT}/Manifest.lock\" > /dev/null\nif [ $? != 0 ] ; then\n    # print error to STDERR\n    echo \"error: The sandbox is not in sync with the Podfile.lock. Run 'pod install' or update your CocoaPods installation.\" >&2\n    exit 1\nfi\n";
			showEnvVarsInLog = 0;
		};
/* End PBXShellScriptBuildPhase section */

/* Begin PBXSourcesBuildPhase section */
		661AD20B1EF7819300DE3BBC /* Sources */ = {
			isa = PBXSourcesBuildPhase;
			buildActionMask = 2147483647;
			files = (
				667FECE71EFB6F00006515AB /* Constants.swift in Sources */,
				6687D3B21F136EF600EF95DE /* TableViewCell.swift in Sources */,
				667800591EF8DC910059AF47 /* RoundButton.swift in Sources */,
				661AD2491EF7C33600DE3BBC /* FirstViewController.swift in Sources */,
				661AD2151EF7819300DE3BBC /* ViewController.swift in Sources */,
				6687D3AE1F1367EF00EF95DE /* SecondViewController.swift in Sources */,
				661AD2131EF7819300DE3BBC /* AppDelegate.swift in Sources */,
				6687D36D1F131C2E00EF95DE /* Model.xcdatamodeld in Sources */,
			);
			runOnlyForDeploymentPostprocessing = 0;
		};
		661AD21F1EF7819300DE3BBC /* Sources */ = {
			isa = PBXSourcesBuildPhase;
			buildActionMask = 2147483647;
			files = (
				661AD2281EF7819300DE3BBC /* MyFirstAppTests.swift in Sources */,
			);
			runOnlyForDeploymentPostprocessing = 0;
		};
		661AD22A1EF7819300DE3BBC /* Sources */ = {
			isa = PBXSourcesBuildPhase;
			buildActionMask = 2147483647;
			files = (
				661AD2331EF7819300DE3BBC /* MyFirstAppUITests.swift in Sources */,
			);
			runOnlyForDeploymentPostprocessing = 0;
		};
/* End PBXSourcesBuildPhase section */

/* Begin PBXTargetDependency section */
		661AD2251EF7819300DE3BBC /* PBXTargetDependency */ = {
			isa = PBXTargetDependency;
			target = 661AD20E1EF7819300DE3BBC /* MyFirstApp */;
			targetProxy = 661AD2241EF7819300DE3BBC /* PBXContainerItemProxy */;
		};
		661AD2301EF7819300DE3BBC /* PBXTargetDependency */ = {
			isa = PBXTargetDependency;
			target = 661AD20E1EF7819300DE3BBC /* MyFirstApp */;
			targetProxy = 661AD22F1EF7819300DE3BBC /* PBXContainerItemProxy */;
		};
/* End PBXTargetDependency section */

/* Begin PBXVariantGroup section */
		661AD2161EF7819300DE3BBC /* Main.storyboard */ = {
			isa = PBXVariantGroup;
			children = (
				661AD2171EF7819300DE3BBC /* Base */,
			);
			name = Main.storyboard;
			sourceTree = "<group>";
		};
		661AD21B1EF7819300DE3BBC /* LaunchScreen.storyboard */ = {
			isa = PBXVariantGroup;
			children = (
				661AD21C1EF7819300DE3BBC /* Base */,
			);
			name = LaunchScreen.storyboard;
			sourceTree = "<group>";
		};
/* End PBXVariantGroup section */

/* Begin XCBuildConfiguration section */
		661AD2351EF7819300DE3BBC /* Debug */ = {
			isa = XCBuildConfiguration;
			buildSettings = {
				ALWAYS_SEARCH_USER_PATHS = NO;
				CLANG_ANALYZER_NONNULL = YES;
				CLANG_ANALYZER_NUMBER_OBJECT_CONVERSION = YES_AGGRESSIVE;
				CLANG_CXX_LANGUAGE_STANDARD = "gnu++0x";
				CLANG_CXX_LIBRARY = "libc++";
				CLANG_ENABLE_MODULES = YES;
				CLANG_ENABLE_OBJC_ARC = YES;
				CLANG_WARN_BOOL_CONVERSION = YES;
				CLANG_WARN_CONSTANT_CONVERSION = YES;
				CLANG_WARN_DIRECT_OBJC_ISA_USAGE = YES_ERROR;
				CLANG_WARN_DOCUMENTATION_COMMENTS = YES;
				CLANG_WARN_EMPTY_BODY = YES;
				CLANG_WARN_ENUM_CONVERSION = YES;
				CLANG_WARN_INFINITE_RECURSION = YES;
				CLANG_WARN_INT_CONVERSION = YES;
				CLANG_WARN_OBJC_ROOT_CLASS = YES_ERROR;
				CLANG_WARN_SUSPICIOUS_MOVE = YES;
				CLANG_WARN_UNREACHABLE_CODE = YES;
				CLANG_WARN__DUPLICATE_METHOD_MATCH = YES;
				"CODE_SIGN_IDENTITY[sdk=iphoneos*]" = "iPhone Developer";
				COPY_PHASE_STRIP = NO;
				DEBUG_INFORMATION_FORMAT = dwarf;
				ENABLE_STRICT_OBJC_MSGSEND = YES;
				ENABLE_TESTABILITY = YES;
				GCC_C_LANGUAGE_STANDARD = gnu99;
				GCC_DYNAMIC_NO_PIC = NO;
				GCC_NO_COMMON_BLOCKS = YES;
				GCC_OPTIMIZATION_LEVEL = 0;
				GCC_PREPROCESSOR_DEFINITIONS = (
					"DEBUG=1",
					"$(inherited)",
				);
				GCC_WARN_64_TO_32_BIT_CONVERSION = YES;
				GCC_WARN_ABOUT_RETURN_TYPE = YES_ERROR;
				GCC_WARN_UNDECLARED_SELECTOR = YES;
				GCC_WARN_UNINITIALIZED_AUTOS = YES_AGGRESSIVE;
				GCC_WARN_UNUSED_FUNCTION = YES;
				GCC_WARN_UNUSED_VARIABLE = YES;
				IPHONEOS_DEPLOYMENT_TARGET = 10.3;
				MTL_ENABLE_DEBUG_INFO = YES;
				ONLY_ACTIVE_ARCH = YES;
				SDKROOT = iphoneos;
				SWIFT_ACTIVE_COMPILATION_CONDITIONS = DEBUG;
				SWIFT_OPTIMIZATION_LEVEL = "-Onone";
				TARGETED_DEVICE_FAMILY = 2;
			};
			name = Debug;
		};
		661AD2361EF7819300DE3BBC /* Release */ = {
			isa = XCBuildConfiguration;
			buildSettings = {
				ALWAYS_SEARCH_USER_PATHS = NO;
				CLANG_ANALYZER_NONNULL = YES;
				CLANG_ANALYZER_NUMBER_OBJECT_CONVERSION = YES_AGGRESSIVE;
				CLANG_CXX_LANGUAGE_STANDARD = "gnu++0x";
				CLANG_CXX_LIBRARY = "libc++";
				CLANG_ENABLE_MODULES = YES;
				CLANG_ENABLE_OBJC_ARC = YES;
				CLANG_WARN_BOOL_CONVERSION = YES;
				CLANG_WARN_CONSTANT_CONVERSION = YES;
				CLANG_WARN_DIRECT_OBJC_ISA_USAGE = YES_ERROR;
				CLANG_WARN_DOCUMENTATION_COMMENTS = YES;
				CLANG_WARN_EMPTY_BODY = YES;
				CLANG_WARN_ENUM_CONVERSION = YES;
				CLANG_WARN_INFINITE_RECURSION = YES;
				CLANG_WARN_INT_CONVERSION = YES;
				CLANG_WARN_OBJC_ROOT_CLASS = YES_ERROR;
				CLANG_WARN_SUSPICIOUS_MOVE = YES;
				CLANG_WARN_UNREACHABLE_CODE = YES;
				CLANG_WARN__DUPLICATE_METHOD_MATCH = YES;
				"CODE_SIGN_IDENTITY[sdk=iphoneos*]" = "iPhone Developer";
				COPY_PHASE_STRIP = NO;
				DEBUG_INFORMATION_FORMAT = "dwarf-with-dsym";
				ENABLE_NS_ASSERTIONS = NO;
				ENABLE_STRICT_OBJC_MSGSEND = YES;
				GCC_C_LANGUAGE_STANDARD = gnu99;
				GCC_NO_COMMON_BLOCKS = YES;
				GCC_WARN_64_TO_32_BIT_CONVERSION = YES;
				GCC_WARN_ABOUT_RETURN_TYPE = YES_ERROR;
				GCC_WARN_UNDECLARED_SELECTOR = YES;
				GCC_WARN_UNINITIALIZED_AUTOS = YES_AGGRESSIVE;
				GCC_WARN_UNUSED_FUNCTION = YES;
				GCC_WARN_UNUSED_VARIABLE = YES;
				IPHONEOS_DEPLOYMENT_TARGET = 10.3;
				MTL_ENABLE_DEBUG_INFO = NO;
				SDKROOT = iphoneos;
				SWIFT_OPTIMIZATION_LEVEL = "-Owholemodule";
				TARGETED_DEVICE_FAMILY = 2;
				VALIDATE_PRODUCT = YES;
			};
			name = Release;
		};
		661AD2381EF7819300DE3BBC /* Debug */ = {
			isa = XCBuildConfiguration;
			baseConfigurationReference = 5F4EA4896E7E850BFD5623D8 /* Pods-MyFirstApp.debug.xcconfig */;
			buildSettings = {
				ASSETCATALOG_COMPILER_APPICON_NAME = AppIcon;
				INFOPLIST_FILE = MyFirstApp/Info.plist;
				LD_RUNPATH_SEARCH_PATHS = "$(inherited) @executable_path/Frameworks";
				PRODUCT_BUNDLE_IDENTIFIER = sahabatutamagroup.MyFirstApp;
				PRODUCT_NAME = "$(TARGET_NAME)";
				SWIFT_VERSION = 3.0;
			};
			name = Debug;
		};
		661AD2391EF7819300DE3BBC /* Release */ = {
			isa = XCBuildConfiguration;
			baseConfigurationReference = 752BCA46F14349F479548283 /* Pods-MyFirstApp.release.xcconfig */;
			buildSettings = {
				ASSETCATALOG_COMPILER_APPICON_NAME = AppIcon;
				INFOPLIST_FILE = MyFirstApp/Info.plist;
				LD_RUNPATH_SEARCH_PATHS = "$(inherited) @executable_path/Frameworks";
				PRODUCT_BUNDLE_IDENTIFIER = sahabatutamagroup.MyFirstApp;
				PRODUCT_NAME = "$(TARGET_NAME)";
				SWIFT_VERSION = 3.0;
			};
			name = Release;
		};
		661AD23B1EF7819300DE3BBC /* Debug */ = {
			isa = XCBuildConfiguration;
			baseConfigurationReference = DE18587166118CB68A9B058D /* Pods-MyFirstAppTests.debug.xcconfig */;
			buildSettings = {
				ALWAYS_EMBED_SWIFT_STANDARD_LIBRARIES = YES;
				BUNDLE_LOADER = "$(TEST_HOST)";
				INFOPLIST_FILE = MyFirstAppTests/Info.plist;
				LD_RUNPATH_SEARCH_PATHS = "$(inherited) @executable_path/Frameworks @loader_path/Frameworks";
				PRODUCT_BUNDLE_IDENTIFIER = sahabatutamagroup.MyFirstAppTests;
				PRODUCT_NAME = "$(TARGET_NAME)";
				SWIFT_VERSION = 3.0;
				TEST_HOST = "$(BUILT_PRODUCTS_DIR)/MyFirstApp.app/MyFirstApp";
			};
			name = Debug;
		};
		661AD23C1EF7819300DE3BBC /* Release */ = {
			isa = XCBuildConfiguration;
			baseConfigurationReference = 3C4E5401812EF894F760D07D /* Pods-MyFirstAppTests.release.xcconfig */;
			buildSettings = {
				ALWAYS_EMBED_SWIFT_STANDARD_LIBRARIES = YES;
				BUNDLE_LOADER = "$(TEST_HOST)";
				INFOPLIST_FILE = MyFirstAppTests/Info.plist;
				LD_RUNPATH_SEARCH_PATHS = "$(inherited) @executable_path/Frameworks @loader_path/Frameworks";
				PRODUCT_BUNDLE_IDENTIFIER = sahabatutamagroup.MyFirstAppTests;
				PRODUCT_NAME = "$(TARGET_NAME)";
				SWIFT_VERSION = 3.0;
				TEST_HOST = "$(BUILT_PRODUCTS_DIR)/MyFirstApp.app/MyFirstApp";
			};
			name = Release;
		};
		661AD23E1EF7819300DE3BBC /* Debug */ = {
			isa = XCBuildConfiguration;
			baseConfigurationReference = CE15D62FCB9F0362EA7B49E7 /* Pods-MyFirstAppUITests.debug.xcconfig */;
			buildSettings = {
				ALWAYS_EMBED_SWIFT_STANDARD_LIBRARIES = YES;
				INFOPLIST_FILE = MyFirstAppUITests/Info.plist;
				LD_RUNPATH_SEARCH_PATHS = "$(inherited) @executable_path/Frameworks @loader_path/Frameworks";
				PRODUCT_BUNDLE_IDENTIFIER = sahabatutamagroup.MyFirstAppUITests;
				PRODUCT_NAME = "$(TARGET_NAME)";
				SWIFT_VERSION = 3.0;
				TEST_TARGET_NAME = MyFirstApp;
			};
			name = Debug;
		};
		661AD23F1EF7819300DE3BBC /* Release */ = {
			isa = XCBuildConfiguration;
			baseConfigurationReference = 9419AFEB0E6BA00088AB7566 /* Pods-MyFirstAppUITests.release.xcconfig */;
			buildSettings = {
				ALWAYS_EMBED_SWIFT_STANDARD_LIBRARIES = YES;
				INFOPLIST_FILE = MyFirstAppUITests/Info.plist;
				LD_RUNPATH_SEARCH_PATHS = "$(inherited) @executable_path/Frameworks @loader_path/Frameworks";
				PRODUCT_BUNDLE_IDENTIFIER = sahabatutamagroup.MyFirstAppUITests;
				PRODUCT_NAME = "$(TARGET_NAME)";
				SWIFT_VERSION = 3.0;
				TEST_TARGET_NAME = MyFirstApp;
			};
			name = Release;
		};
/* End XCBuildConfiguration section */

/* Begin XCConfigurationList section */
		661AD20A1EF7819300DE3BBC /* Build configuration list for PBXProject "MyFirstApp" */ = {
			isa = XCConfigurationList;
			buildConfigurations = (
				661AD2351EF7819300DE3BBC /* Debug */,
				661AD2361EF7819300DE3BBC /* Release */,
			);
			defaultConfigurationIsVisible = 0;
			defaultConfigurationName = Release;
		};
		661AD2371EF7819300DE3BBC /* Build configuration list for PBXNativeTarget "MyFirstApp" */ = {
			isa = XCConfigurationList;
			buildConfigurations = (
				661AD2381EF7819300DE3BBC /* Debug */,
				661AD2391EF7819300DE3BBC /* Release */,
			);
			defaultConfigurationIsVisible = 0;
			defaultConfigurationName = Release;
		};
		661AD23A1EF7819300DE3BBC /* Build configuration list for PBXNativeTarget "MyFirstAppTests" */ = {
			isa = XCConfigurationList;
			buildConfigurations = (
				661AD23B1EF7819300DE3BBC /* Debug */,
				661AD23C1EF7819300DE3BBC /* Release */,
			);
			defaultConfigurationIsVisible = 0;
			defaultConfigurationName = Release;
		};
		661AD23D1EF7819300DE3BBC /* Build configuration list for PBXNativeTarget "MyFirstAppUITests" */ = {
			isa = XCConfigurationList;
			buildConfigurations = (
				661AD23E1EF7819300DE3BBC /* Debug */,
				661AD23F1EF7819300DE3BBC /* Release */,
			);
			defaultConfigurationIsVisible = 0;
			defaultConfigurationName = Release;
		};
/* End XCConfigurationList section */

/* Begin XCVersionGroup section */
		6687D36B1F131C2E00EF95DE /* Model.xcdatamodeld */ = {
			isa = XCVersionGroup;
			children = (
				6687D36C1F131C2E00EF95DE /* Model.xcdatamodel */,
			);
			currentVersion = 6687D36C1F131C2E00EF95DE /* Model.xcdatamodel */;
			path = Model.xcdatamodeld;
			sourceTree = "<group>";
			versionGroupType = wrapper.xcdatamodel;
		};
/* End XCVersionGroup section */
	};
	rootObject = 661AD2071EF7819300DE3BBC /* Project object */;
}
